
Microsoft Visual Studio Solution File, Format Version 12.00
# Visual Studio 15
VisualStudioVersion = 15.0.27703.2035
MinimumVisualStudioVersion = 10.0.40219.1
Project("{9A19103F-16F7-4668-BE54-9A1E7A4F7556}") = "Noobot.Serverless", "src\Noobot.Serverless\Noobot.Serverless.csproj", "{49FBD49B-FD39-48D1-9B9A-4E8377586E75}"
EndProject
Project("{FAE04EC0-301F-11D3-BF4B-00C04F79EFBC}") = "Noobot.Serverless.Functions", "src\Noobot.Serverless.Functions\Noobot.Serverless.Functions.csproj", "{8E859F25-BC12-4725-81DA-0CE693CB1507}"
EndProject
Global
	GlobalSection(SolutionConfigurationPlatforms) = preSolution
		Debug|Any CPU = Debug|Any CPU
		Release|Any CPU = Release|Any CPU
	EndGlobalSection
	GlobalSection(ProjectConfigurationPlatforms) = postSolution
		{49FBD49B-FD39-48D1-9B9A-4E8377586E75}.Debug|Any CPU.ActiveCfg = Debug|Any CPU
		{49FBD49B-FD39-48D1-9B9A-4E8377586E75}.Debug|Any CPU.Build.0 = Debug|Any CPU
		{49FBD49B-FD39-48D1-9B9A-4E8377586E75}.Release|Any CPU.ActiveCfg = Release|Any CPU
		{49FBD49B-FD39-48D1-9B9A-4E8377586E75}.Release|Any CPU.Build.0 = Release|Any CPU
		{8E859F25-BC12-4725-81DA-0CE693CB1507}.Debug|Any CPU.ActiveCfg = Debug|Any CPU
		{8E859F25-BC12-4725-81DA-0CE693CB1507}.Debug|Any CPU.Build.0 = Debug|Any CPU
		{8E859F25-BC12-4725-81DA-0CE693CB1507}.Release|Any CPU.ActiveCfg = Release|Any CPU
		{8E859F25-BC12-4725-81DA-0CE693CB1507}.Release|Any CPU.Build.0 = Release|Any CPU
	EndGlobalSection
	GlobalSection(SolutionProperties) = preSolution
		HideSolutionNode = FALSE
	EndGlobalSection
	GlobalSection(ExtensibilityGlobals) = postSolution
		SolutionGuid = {89F527A4-56CF-443E-BD29-672194CEF37D}
	EndGlobalSection
EndGlobal
